{
  "requires": true,
  "lockfileVersion": 1,
  "dependencies": {
    "@ant-design/colors": {
      "version": "4.0.5",
      "resolved": "https://registry.npmjs.org/@ant-design/colors/-/colors-4.0.5.tgz",
      "integrity": "sha512-3mnuX2prnWOWvpFTS2WH2LoouWlOgtnIpc6IarWN6GOzzLF8dW/U8UctuvIPhoboETehZfJ61XP+CGakBEPJ3Q==",
      "requires": {
        "tinycolor2": "^1.4.1"
      }
    },
    "@antv/algorithm": {
      "version": "0.1.3",
      "resolved": "https://registry.npmjs.org/@antv/algorithm/-/algorithm-0.1.3.tgz",
      "integrity": "sha512-kSyFNjsBa88nkpawr6ZTdzf2YWrJ59ywuJ80Ny6y7Sf+ITcsRLZA2CdBf4oYpiozVu8LmHPhXTzElUxI+niL8Q=="
    },
    "@antv/dom-util": {
      "version": "2.0.3",
      "resolved": "https://registry.npmjs.org/@antv/dom-util/-/dom-util-2.0.3.tgz",
      "integrity": "sha512-dUHsUT4U9X1T1/Y9bH3jRMe0MzvWJk2jSQm1vm3w9NX+Ra0ftq5VUBiGTNbthm3nFwG0fFFjip904rYjl50g4A==",
      "requires": {
        "tslib": "^2.0.3"
      }
    },
    "@antv/event-emitter": {
      "version": "0.1.2",
      "resolved": "https://registry.npmjs.org/@antv/event-emitter/-/event-emitter-0.1.2.tgz",
      "integrity": "sha512-6C6NJOdoNVptCr5y9BVOhKkCgW7LFs/SpcRyAExUeSjAm0zJqcqNkSIRGsXYhj4PJI+CZICHzGwwiSnIsE68Ug=="
    },
    "@antv/g-base": {
      "version": "0.5.5",
      "resolved": "https://registry.npmjs.org/@antv/g-base/-/g-base-0.5.5.tgz",
      "integrity": "sha512-Cl3Gup4GBebqz/YeaPJHhF0ZP4lj0C0LdNkNj01jlqy/WGCbhf8CyDFzLE91N346cyzB9Ri2ztGz4pLlvdOLtQ==",
      "requires": {
        "@antv/event-emitter": "^0.1.1",
        "@antv/g-math": "^0.1.6",
        "@antv/matrix-util": "^3.1.0-beta.1",
        "@antv/path-util": "~2.0.5",
        "@antv/util": "~2.0.0",
        "@types/d3-timer": "^1.0.9",
        "d3-ease": "^1.0.5",
        "d3-interpolate": "^1.3.2",
        "d3-timer": "^1.0.9",
        "detect-browser": "^5.1.0",
        "tslib": "^2.0.3"
      },
      "dependencies": {
        "@antv/matrix-util": {
          "version": "3.1.0-beta.2",
          "resolved": "https://registry.npmjs.org/@antv/matrix-util/-/matrix-util-3.1.0-beta.2.tgz",
          "integrity": "sha512-Efwp0ZHxVDK/8RUa/RRWN7HKFHJmjn7Oq5HaNBbCmsxd7JTla3Zsoq1AZrjWMDlq0lplo77urclwI+XIW8NEHw==",
          "requires": {
            "@antv/util": "^2.0.9",
            "gl-matrix": "^3.3.0",
            "tslib": "^1.10.0"
          },
          "dependencies": {
            "tslib": {
              "version": "1.14.1",
              "resolved": "https://registry.npmjs.org/tslib/-/tslib-1.14.1.tgz",
              "integrity": "sha512-Xni35NKzjgMrwevysHTCArtLDpPvye8zV/0E4EyYn43P7/7qvQwPh9BGkHewbMulVntbigmcT7rdX3BNo9wRJg=="
            }
          }
        }
      }
    },
    "@antv/g-canvas": {
      "version": "0.5.6",
      "resolved": "https://registry.npmjs.org/@antv/g-canvas/-/g-canvas-0.5.6.tgz",
      "integrity": "sha512-r6f6KqYuNZWunf2Vnf1ACopn8aic6TBFhaN3XuckenhQNqR+/PI/4Mft7z14zo7WH58X2Xs2Npq9awJXBEUzaw==",
      "requires": {
        "@antv/g-base": "^0.5.3",
        "@antv/g-math": "^0.1.6",
        "@antv/matrix-util": "^3.1.0-beta.1",
        "@antv/path-util": "~2.0.5",
        "@antv/util": "~2.0.0",
        "gl-matrix": "^3.0.0",
        "tslib": "^2.0.3"
      },
      "dependencies": {
        "@antv/matrix-util": {
          "version": "3.1.0-beta.2",
          "resolved": "https://registry.npmjs.org/@antv/matrix-util/-/matrix-util-3.1.0-beta.2.tgz",
          "integrity": "sha512-Efwp0ZHxVDK/8RUa/RRWN7HKFHJmjn7Oq5HaNBbCmsxd7JTla3Zsoq1AZrjWMDlq0lplo77urclwI+XIW8NEHw==",
          "requires": {
            "@antv/util": "^2.0.9",
            "gl-matrix": "^3.3.0",
            "tslib": "^1.10.0"
          },
          "dependencies": {
            "tslib": {
              "version": "1.14.1",
              "resolved": "https://registry.npmjs.org/tslib/-/tslib-1.14.1.tgz",
              "integrity": "sha512-Xni35NKzjgMrwevysHTCArtLDpPvye8zV/0E4EyYn43P7/7qvQwPh9BGkHewbMulVntbigmcT7rdX3BNo9wRJg=="
            }
          }
        }
      }
    },
    "@antv/g-math": {
      "version": "0.1.7",
      "resolved": "https://registry.npmjs.org/@antv/g-math/-/g-math-0.1.7.tgz",
      "integrity": "sha512-xGyXaloD1ynfp7gS4VuV+MjSptZIwHvLHr8ekXJSFAeWPYLu84yOW2wOZHDdp1bzDAIuRv6xDBW58YGHrWsFcA==",
      "requires": {
        "@antv/util": "~2.0.0",
        "gl-matrix": "^3.0.0"
      }
    },
    "@antv/g-svg": {
      "version": "0.5.6",
      "resolved": "https://registry.npmjs.org/@antv/g-svg/-/g-svg-0.5.6.tgz",
      "integrity": "sha512-Xve1EUGk4HMbl2nq4ozR4QLh6GyoZ8Xw/+9kHYI4B5P2lIUQU95MuRsaLFfW5NNpZDx85ZeH97tqEmC9L96E7A==",
      "requires": {
        "@antv/g-base": "^0.5.3",
        "@antv/g-math": "^0.1.6",
        "@antv/util": "~2.0.0",
        "detect-browser": "^5.0.0",
        "tslib": "^2.0.3"
      }
    },
    "@antv/g-webgpu": {
      "version": "0.5.4-alpha.3",
      "resolved": "https://registry.npmjs.org/@antv/g-webgpu/-/g-webgpu-0.5.4-alpha.3.tgz",
      "integrity": "sha512-+4SWztVWj0WBXxgfBHooCigu+seHyS1/9WU2Pgg98Vjw3oFoRW9uq0KgJSsa2R1iKAbDBRbowaDZS5vHbdaC6w==",
      "requires": {
        "@antv/g-webgpu-core": "^0.5.4-alpha.3",
        "@antv/g-webgpu-engine": "^0.5.4-alpha.3",
        "@webgpu/types": "^0.0.31",
        "gl-matrix": "^3.1.0",
        "gl-vec2": "^1.3.0",
        "hammerjs": "^2.0.8",
        "inversify": "^5.0.1",
        "inversify-inject-decorators": "^3.1.0",
        "lodash": "^4.17.15",
        "polyline-miter-util": "^1.0.1",
        "polyline-normals": "^2.0.2",
        "probe.gl": "^3.1.1",
        "reflect-metadata": "^0.1.13"
      }
    },
    "@antv/g-webgpu-core": {
      "version": "0.5.4-alpha.3",
      "resolved": "https://registry.npmjs.org/@antv/g-webgpu-core/-/g-webgpu-core-0.5.4-alpha.3.tgz",
      "integrity": "sha512-t1a7vgqBIVZ75vq9GqdCBGHqMW9kcaRQUKDMWyC6x7yD0WRuK7cQcYUhupqujRUD07BPFZkpuULU+WuB+hwLLg==",
      "requires": {
        "eventemitter3": "^4.0.0",
        "gl-matrix": "^3.1.0",
        "inversify": "^5.0.1",
        "inversify-inject-decorators": "^3.1.0",
        "lodash": "^4.17.15",
        "probe.gl": "^3.1.1",
        "reflect-metadata": "^0.1.13"
      }
    },
    "@antv/g-webgpu-engine": {
      "version": "0.5.4-alpha.3",
      "resolved": "https://registry.npmjs.org/@antv/g-webgpu-engine/-/g-webgpu-engine-0.5.4-alpha.3.tgz",
      "integrity": "sha512-2J6gocPsgRZqFJIUDS3kZtFnr0ZBTevYLsV8mP+Xr/9XCSeTvjJzW8UJaZ9qk3xu2+/i9/DoY/MnZ+hQpGhrAA==",
      "requires": {
        "@antv/g-webgpu-core": "^0.5.4-alpha.3",
        "@webgpu/glslang": "^0.0.15",
        "@webgpu/types": "^0.0.31",
        "gl-matrix": "^3.1.0",
        "hammerjs": "^2.0.8",
        "inversify": "^5.0.1",
        "inversify-inject-decorators": "^3.1.0",
        "lodash": "^4.17.15",
        "probe.gl": "^3.1.1",
        "reflect-metadata": "^0.1.13",
        "regl": "^1.3.11"
      }
    },
    "@antv/g6": {
      "version": "4.1.12",
      "resolved": "https://registry.npmjs.org/@antv/g6/-/g6-4.1.12.tgz",
      "integrity": "sha512-swMYPao5Xvq4G6L5J7gcqSuiLmpcYvzYbYv5o/xddAUA+W3r3pFwo25ThyFgulWcLcs2AsRDFNeHifUr7J059g==",
      "requires": {
        "@antv/g6-pc": "^0.0.20"
      }
    },
    "@antv/g6-core": {
      "version": "0.0.12",
      "resolved": "https://registry.npmjs.org/@antv/g6-core/-/g6-core-0.0.12.tgz",
      "integrity": "sha512-A01Ig2XONPBiHRR7CW4dwJlIfb7m/PgmmTAyJIxcwLjn9BuwFabWBLY/xY7qsNGbg4CT4x3oFPzMhfrkzqqhNA==",
      "requires": {
        "@antv/algorithm": "^0.1.3",
        "@antv/dom-util": "^2.0.1",
        "@antv/event-emitter": "~0.1.0",
        "@antv/g-base": "^0.5.1",
        "@antv/g-math": "^0.1.1",
        "@antv/matrix-util": "^3.1.0-beta.2",
        "@antv/path-util": "^2.0.3",
        "@antv/scale": "^0.3.1",
        "@antv/util": "~2.0.5",
        "ml-matrix": "^6.5.0"
      },
      "dependencies": {
        "@antv/matrix-util": {
          "version": "3.1.0-beta.2",
          "resolved": "https://registry.npmjs.org/@antv/matrix-util/-/matrix-util-3.1.0-beta.2.tgz",
          "integrity": "sha512-Efwp0ZHxVDK/8RUa/RRWN7HKFHJmjn7Oq5HaNBbCmsxd7JTla3Zsoq1AZrjWMDlq0lplo77urclwI+XIW8NEHw==",
          "requires": {
            "@antv/util": "^2.0.9",
            "gl-matrix": "^3.3.0",
            "tslib": "^1.10.0"
          }
        },
        "tslib": {
          "version": "1.14.1",
          "resolved": "https://registry.npmjs.org/tslib/-/tslib-1.14.1.tgz",
          "integrity": "sha512-Xni35NKzjgMrwevysHTCArtLDpPvye8zV/0E4EyYn43P7/7qvQwPh9BGkHewbMulVntbigmcT7rdX3BNo9wRJg=="
        }
      }
    },
    "@antv/g6-element": {
      "version": "0.0.11",
      "resolved": "https://registry.npmjs.org/@antv/g6-element/-/g6-element-0.0.11.tgz",
      "integrity": "sha512-6VfJRrxa/uDrtAETYPPa6I3UNKTOSMqe5QNkx9teqjWx/CeBoI/VDf3dPdEZirwraM1MwZ7sWGnyxOigl4kAlw==",
      "requires": {
        "@antv/g-base": "^0.5.1",
        "@antv/g6-core": "^0.0.12",
        "@antv/util": "~2.0.5"
      }
    },
    "@antv/g6-pc": {
      "version": "0.0.20",
      "resolved": "https://registry.npmjs.org/@antv/g6-pc/-/g6-pc-0.0.20.tgz",
      "integrity": "sha512-LzE8aN5GUnZLseX++hMmdftc5ZFowXigZbCXrUpDbqpBmRTFd8IlEs0SnCtdEolxlS8oZ23dmZUfnZK/Xqkuag==",
      "requires": {
        "@ant-design/colors": "^4.0.5",
        "@antv/algorithm": "^0.1.3",
        "@antv/dom-util": "^2.0.1",
        "@antv/event-emitter": "~0.1.0",
        "@antv/g-base": "^0.5.1",
        "@antv/g-canvas": "^0.5.2",
        "@antv/g-math": "^0.1.1",
        "@antv/g-svg": "^0.5.1",
        "@antv/g6-core": "^0.0.12",
        "@antv/g6-element": "^0.0.11",
        "@antv/g6-plugin": "^0.0.11",
        "@antv/hierarchy": "^0.6.2",
        "@antv/layout": "^0.1.6",
        "@antv/matrix-util": "^3.0.4",
        "@antv/path-util": "^2.0.3",
        "@antv/scale": "^0.3.1",
        "@antv/util": "~2.0.5",
        "color": "^3.1.3",
        "d3-force": "^2.0.1",
        "dagre": "^0.8.5",
        "insert-css": "^2.0.0",
        "ml-matrix": "^6.5.0"
      }
    },
    "@antv/g6-plugin": {
      "version": "0.0.11",
      "resolved": "https://registry.npmjs.org/@antv/g6-plugin/-/g6-plugin-0.0.11.tgz",
      "integrity": "sha512-Hmn+lA8M3wwvjMksge+g7QT6NtdraltSUekiOlny7O8RmVazinPz+7xU11ScPH8+hts+IuX2JmOHIfNGdCTltQ==",
      "requires": {
        "@antv/dom-util": "^2.0.2",
        "@antv/g-base": "^0.5.1",
        "@antv/g-canvas": "^0.5.2",
        "@antv/g-svg": "^0.5.2",
        "@antv/g6-core": "^0.0.12",
        "@antv/matrix-util": "^3.0.4",
        "@antv/scale": "^0.3.4",
        "@antv/util": "^2.0.9",
        "insert-css": "^2.0.0"
      }
    },
    "@antv/hierarchy": {
      "version": "0.6.6",
      "resolved": "https://registry.npmjs.org/@antv/hierarchy/-/hierarchy-0.6.6.tgz",
      "integrity": "sha512-ivb9j5aJOogjjU9k7WZXWznevMyqgBbP/Xq2rfXsQFLk4ArABt2ewU6a6jndPOiycGDxppZ8kaYjli70i4HluA==",
      "requires": {
        "@antv/util": "^2.0.7"
      }
    },
    "@antv/layout": {
      "version": "0.1.6",
      "resolved": "https://registry.npmjs.org/@antv/layout/-/layout-0.1.6.tgz",
      "integrity": "sha512-VhuoBWF3tl4io89AfcKS9KC9xJWR08etoKMF5oGIaTsU/kiQ4UQsdKLSO9SFW9OZ/KpPNGsag1o5QtsXK/El1g==",
      "requires": {
        "@antv/g-webgpu": "0.5.4-alpha.3",
        "d3-force": "^2.0.1",
        "dagre": "^0.8.5",
        "ml-matrix": "^6.5.0"
      }
    },
    "@antv/matrix-util": {
      "version": "3.0.4",
      "resolved": "https://registry.npmjs.org/@antv/matrix-util/-/matrix-util-3.0.4.tgz",
      "integrity": "sha512-BAPyu6dUliHcQ7fm9hZSGKqkwcjEDVLVAstlHULLvcMZvANHeLXgHEgV7JqcAV/GIhIz8aZChIlzM1ZboiXpYQ==",
      "requires": {
        "@antv/util": "^2.0.9",
        "gl-matrix": "^3.3.0",
        "tslib": "^2.0.3"
      }
    },
    "@antv/path-util": {
      "version": "2.0.9",
      "resolved": "https://registry.npmjs.org/@antv/path-util/-/path-util-2.0.9.tgz",
      "integrity": "sha512-kunEz4dNheQMVn4rVFsoBDx+n9Knfi3uRLvDk9SojZAqpninsjFhdoiYtbExwJGz1FYGtiV10Y6N1tp73kZFcg==",
      "requires": {
        "@antv/util": "^2.0.9",
        "tslib": "^2.0.3"
      }
    },
    "@antv/scale": {
      "version": "0.3.9",
      "resolved": "https://registry.npmjs.org/@antv/scale/-/scale-0.3.9.tgz",
      "integrity": "sha512-m56Rs4Zta7XnuF+aNbJXMsgBqATO1M4kvu+dEmhzLYsPK5D3dHpJTOGh/Zy55eirekb9F7jiu29SJqPNnhxq+g==",
      "requires": {
        "@antv/util": "~2.0.3",
        "fecha": "~4.2.0",
        "tslib": "^2.0.0"
      }
    },
    "@antv/util": {
      "version": "2.0.12",
      "resolved": "https://registry.npmjs.org/@antv/util/-/util-2.0.12.tgz",
      "integrity": "sha512-jK+tU+VPDzb8aZGynDei6QE6u4yqXVaNYnTF7A+TERHjKpM6BEy+KBSo9NWMfa17ugy/9QkCPzYNPBjrjfoVpw==",
      "requires": {
        "tslib": "^2.0.3"
      }
    },
    "@babel/runtime": {
      "version": "7.13.7",
      "resolved": "https://registry.npmjs.org/@babel/runtime/-/runtime-7.13.7.tgz",
      "integrity": "sha512-h+ilqoX998mRVM5FtB5ijRuHUDVt5l3yfoOi2uh18Z/O3hvyaHQ39NpxVkCIG5yFs+mLq/ewFp8Bss6zmWv6ZA==",
      "requires": {
        "regenerator-runtime": "^0.13.4"
      }
    },
    "@probe.gl/stats": {
      "version": "3.3.1",
      "resolved": "https://registry.npmjs.org/@probe.gl/stats/-/stats-3.3.1.tgz",
      "integrity": "sha512-7ekl4qYndDgmCzZMNhicgJpIzApyjdqo67qv1zKx8hmAgC+AeCk6LE8sdiTauddd8+FDViAkxhrr271KwOgHfw==",
      "requires": {
        "@babel/runtime": "^7.0.0"
      }
    },
    "@types/d3-timer": {
      "version": "1.0.10",
      "resolved": "https://registry.npmjs.org/@types/d3-timer/-/d3-timer-1.0.10.tgz",
      "integrity": "sha512-ZnAbquVqy+4ZjdW0cY6URp+qF/AzTVNda2jYyOzpR2cPT35FTXl78s15Bomph9+ckOiI1TtkljnWkwbIGAb6rg=="
    },
    "@webgpu/glslang": {
      "version": "0.0.15",
      "resolved": "https://registry.npmjs.org/@webgpu/glslang/-/glslang-0.0.15.tgz",
      "integrity": "sha512-niT+Prh3Aff8Uf1MVBVUsaNjFj9rJAKDXuoHIKiQbB+6IUP/3J3JIhBNyZ7lDhytvXxw6ppgnwKZdDJ08UMj4Q=="
    },
    "@webgpu/types": {
      "version": "0.0.31",
      "resolved": "https://registry.npmjs.org/@webgpu/types/-/types-0.0.31.tgz",
      "integrity": "sha512-cvvCMSZBT4VsRNtt0lI6XQqvOIIWw6+NRUtnPUMDVDgsI4pCZColz3qzF5QcP9wIYOHEc3jssIBse8UWONKhlQ=="
    },
    "color": {
      "version": "3.1.3",
      "resolved": "https://registry.npmjs.org/color/-/color-3.1.3.tgz",
      "integrity": "sha512-xgXAcTHa2HeFCGLE9Xs/R82hujGtu9Jd9x4NW3T34+OMs7VoPsjwzRczKHvTAHeJwWFwX5j15+MgAppE8ztObQ==",
      "requires": {
        "color-convert": "^1.9.1",
        "color-string": "^1.5.4"
      }
    },
    "color-convert": {
      "version": "1.9.3",
      "resolved": "https://registry.npmjs.org/color-convert/-/color-convert-1.9.3.tgz",
      "integrity": "sha512-QfAUtd+vFdAtFQcC8CCyYt1fYWxSqAiK2cSD6zDB8N3cpsEBAvRxp9zOGg6G/SHHJYAT88/az/IuDGALsNVbGg==",
      "requires": {
        "color-name": "1.1.3"
      }
    },
    "color-name": {
      "version": "1.1.3",
      "resolved": "https://registry.npmjs.org/color-name/-/color-name-1.1.3.tgz",
      "integrity": "sha1-p9BVi9icQveV3UIyj3QIMcpTvCU="
    },
    "color-string": {
      "version": "1.5.4",
      "resolved": "https://registry.npmjs.org/color-string/-/color-string-1.5.4.tgz",
      "integrity": "sha512-57yF5yt8Xa3czSEW1jfQDE79Idk0+AkN/4KWad6tbdxUmAs3MvjxlWSWD4deYytcRfoZ9nhKyFl1kj5tBvidbw==",
      "requires": {
        "color-name": "^1.0.0",
        "simple-swizzle": "^0.2.2"
      }
    },
    "d3-color": {
      "version": "1.4.1",
      "resolved": "https://registry.npmjs.org/d3-color/-/d3-color-1.4.1.tgz",
      "integrity": "sha512-p2sTHSLCJI2QKunbGb7ocOh7DgTAn8IrLx21QRc/BSnodXM4sv6aLQlnfpvehFMLZEfBc6g9pH9SWQccFYfJ9Q=="
    },
    "d3-dispatch": {
      "version": "2.0.0",
      "resolved": "https://registry.npmjs.org/d3-dispatch/-/d3-dispatch-2.0.0.tgz",
      "integrity": "sha512-S/m2VsXI7gAti2pBoLClFFTMOO1HTtT0j99AuXLoGFKO6deHDdnv6ZGTxSTTUTgO1zVcv82fCOtDjYK4EECmWA=="
    },
    "d3-ease": {
      "version": "1.0.7",
      "resolved": "https://registry.npmjs.org/d3-ease/-/d3-ease-1.0.7.tgz",
      "integrity": "sha512-lx14ZPYkhNx0s/2HX5sLFUI3mbasHjSSpwO/KaaNACweVwxUruKyWVcb293wMv1RqTPZyZ8kSZ2NogUZNcLOFQ=="
    },
    "d3-force": {
      "version": "2.1.1",
      "resolved": "https://registry.npmjs.org/d3-force/-/d3-force-2.1.1.tgz",
      "integrity": "sha512-nAuHEzBqMvpFVMf9OX75d00OxvOXdxY+xECIXjW6Gv8BRrXu6gAWbv/9XKrvfJ5i5DCokDW7RYE50LRoK092ew==",
      "requires": {
        "d3-dispatch": "1 - 2",
        "d3-quadtree": "1 - 2",
        "d3-timer": "1 - 2"
      }
    },
    "d3-interpolate": {
      "version": "1.4.0",
      "resolved": "https://registry.npmjs.org/d3-interpolate/-/d3-interpolate-1.4.0.tgz",
      "integrity": "sha512-V9znK0zc3jOPV4VD2zZn0sDhZU3WAE2bmlxdIwwQPPzPjvyLkd8B3JUVdS1IDUFDkWZ72c9qnv1GK2ZagTZ8EA==",
      "requires": {
        "d3-color": "1"
      }
    },
    "d3-quadtree": {
      "version": "2.0.0",
      "resolved": "https://registry.npmjs.org/d3-quadtree/-/d3-quadtree-2.0.0.tgz",
      "integrity": "sha512-b0Ed2t1UUalJpc3qXzKi+cPGxeXRr4KU9YSlocN74aTzp6R/Ud43t79yLLqxHRWZfsvWXmbDWPpoENK1K539xw=="
    },
    "d3-timer": {
      "version": "1.0.10",
      "resolved": "https://registry.npmjs.org/d3-timer/-/d3-timer-1.0.10.tgz",
      "integrity": "sha512-B1JDm0XDaQC+uvo4DT79H0XmBskgS3l6Ve+1SBCfxgmtIb1AVrPIoqd+nPSv+loMX8szQ0sVUhGngL7D5QPiXw=="
    },
    "dagre": {
      "version": "0.8.5",
      "resolved": "https://registry.npmjs.org/dagre/-/dagre-0.8.5.tgz",
      "integrity": "sha512-/aTqmnRta7x7MCCpExk7HQL2O4owCT2h8NT//9I1OQ9vt29Pa0BzSAkR5lwFUcQ7491yVi/3CXU9jQ5o0Mn2Sw==",
      "requires": {
        "graphlib": "^2.1.8",
        "lodash": "^4.17.15"
      }
    },
    "detect-browser": {
      "version": "5.2.0",
      "resolved": "https://registry.npmjs.org/detect-browser/-/detect-browser-5.2.0.tgz",
      "integrity": "sha512-tr7XntDAu50BVENgQfajMLzacmSe34D+qZc4zjnniz0ZVuw/TZcLcyxHQjYpJTM36sGEkZZlYLnIM1hH7alTMA=="
    },
    "eventemitter3": {
      "version": "4.0.7",
      "resolved": "https://registry.npmjs.org/eventemitter3/-/eventemitter3-4.0.7.tgz",
      "integrity": "sha512-8guHBZCwKnFhYdHr2ysuRWErTwhoN2X8XELRlrRwpmfeY2jjuUN4taQMsULKUVo1K4DvZl+0pgfyoysHxvmvEw=="
    },
    "fecha": {
      "version": "4.2.0",
      "resolved": "https://registry.npmjs.org/fecha/-/fecha-4.2.0.tgz",
      "integrity": "sha512-aN3pcx/DSmtyoovUudctc8+6Hl4T+hI9GBBHLjA76jdZl7+b1sgh5g4k+u/GL3dTy1/pnYzKp69FpJ0OicE3Wg=="
    },
    "gl-matrix": {
      "version": "3.3.0",
      "resolved": "https://registry.npmjs.org/gl-matrix/-/gl-matrix-3.3.0.tgz",
      "integrity": "sha512-COb7LDz+SXaHtl/h4LeaFcNdJdAQSDeVqjiIihSXNrkWObZLhDI4hIkZC11Aeqp7bcE72clzB0BnDXr2SmslRA=="
    },
    "gl-vec2": {
      "version": "1.3.0",
      "resolved": "https://registry.npmjs.org/gl-vec2/-/gl-vec2-1.3.0.tgz",
      "integrity": "sha512-YiqaAuNsheWmUV0Sa8k94kBB0D6RWjwZztyO+trEYS8KzJ6OQB/4686gdrf59wld4hHFIvaxynO3nRxpk1Ij/A=="
    },
    "graphlib": {
      "version": "2.1.8",
      "resolved": "https://registry.npmjs.org/graphlib/-/graphlib-2.1.8.tgz",
      "integrity": "sha512-jcLLfkpoVGmH7/InMC/1hIvOPSUh38oJtGhvrOFGzioE1DZ+0YW16RgmOJhHiuWTvGiJQ9Z1Ik43JvkRPRvE+A==",
      "requires": {
        "lodash": "^4.17.15"
      }
    },
    "hammerjs": {
      "version": "2.0.8",
      "resolved": "https://registry.npmjs.org/hammerjs/-/hammerjs-2.0.8.tgz",
      "integrity": "sha1-BO93hiz/K7edMPdpIJWTAiK/YPE="
    },
    "insert-css": {
      "version": "2.0.0",
      "resolved": "https://registry.npmjs.org/insert-css/-/insert-css-2.0.0.tgz",
      "integrity": "sha1-610Ql7dUL0x56jBg067gfQU4gPQ="
    },
    "inversify": {
      "version": "5.0.5",
      "resolved": "https://registry.npmjs.org/inversify/-/inversify-5.0.5.tgz",
      "integrity": "sha512-60QsfPz8NAU/GZqXu8hJ+BhNf/C/c+Hp0eDc6XMIJTxBiP36AQyyQKpBkOVTLWBFDQWYVHpbbEuIsHu9dLuJDA=="
    },
    "inversify-inject-decorators": {
      "version": "3.1.0",
      "resolved": "https://registry.npmjs.org/inversify-inject-decorators/-/inversify-inject-decorators-3.1.0.tgz",
      "integrity": "sha512-/seBlVp5bXrLQS3DpKEmlgeZL6C7Tf/QITd+IMQrbBBGuCbxb7k3hRAWu9XSreNpFzLgSboz3sClLSEmGwHphw=="
    },
    "is-any-array": {
      "version": "0.1.1",
      "resolved": "https://registry.npmjs.org/is-any-array/-/is-any-array-0.1.1.tgz",
      "integrity": "sha512-qTiELO+kpTKqPgxPYbshMERlzaFu29JDnpB8s3bjg+JkxBpw29/qqSaOdKv2pCdaG92rLGeG/zG2GauX58hfoA=="
    },
    "is-arrayish": {
      "version": "0.3.2",
      "resolved": "https://registry.npmjs.org/is-arrayish/-/is-arrayish-0.3.2.tgz",
      "integrity": "sha512-eVRqCvVlZbuw3GrM63ovNSNAeA1K16kaR/LRY/92w0zxQ5/1YzwblUX652i4Xs9RwAGjW9d9y6X88t8OaAJfWQ=="
    },
    "lodash": {
      "version": "4.17.21",
      "resolved": "https://registry.npmjs.org/lodash/-/lodash-4.17.21.tgz",
      "integrity": "sha512-v2kDEe57lecTulaDIuNTPy3Ry4gLGJ6Z1O3vE1krgXZNrsQ+LFTGHVxVjcXPs17LhbZVGedAJv8XZ1tvj5FvSg=="
    },
    "ml-array-max": {
      "version": "1.2.1",
      "resolved": "https://registry.npmjs.org/ml-array-max/-/ml-array-max-1.2.1.tgz",
      "integrity": "sha512-SpGf3jnyPnqFNSd9ynZ5dWoFyOigPBLH/Wo1YYuV6j/NGrkKd28PMpjOX5BDIu0PaSSSTnkQtUluucqCO6PGIw==",
      "requires": {
        "is-any-array": "^0.1.0"
      }
    },
    "ml-array-min": {
      "version": "1.2.0",
      "resolved": "https://registry.npmjs.org/ml-array-min/-/ml-array-min-1.2.0.tgz",
      "integrity": "sha512-Wgf2+lCndLy1SbeOZSUqlkxD9T1CXPT7CIlNGAZRRQI35wsqvfuNtLNH4qKFx8kNjlq3VGXKOSBHeiXR31vaTA==",
      "requires": {
        "is-any-array": "^0.1.0"
      }
    },
    "ml-array-rescale": {
      "version": "1.3.3",
      "resolved": "https://registry.npmjs.org/ml-array-rescale/-/ml-array-rescale-1.3.3.tgz",
      "integrity": "sha512-Gv9n8r/06bnrn4ApdYSBUbsGXrh1j7rbR9nEIP+6bCh6kKLF3MPp7w93ckaewRub9ijUoG5qiMxwuNZJl64gKA==",
      "requires": {
        "is-any-array": "^0.1.0",
        "ml-array-max": "^1.2.1",
        "ml-array-min": "^1.2.0"
      }
    },
    "ml-matrix": {
      "version": "6.6.0",
      "resolved": "https://registry.npmjs.org/ml-matrix/-/ml-matrix-6.6.0.tgz",
      "integrity": "sha512-ca3+z0VwvzmhTQ1KuvUTSQJxDruzbdkfkThp4XptLOGAKbEtedgWfPTsBVicxOf+3NTR69Zqiw8fRFZM747FAQ==",
      "requires": {
        "ml-array-rescale": "^1.3.2"
      }
    },
    "polyline-miter-util": {
      "version": "1.0.1",
      "resolved": "https://registry.npmjs.org/polyline-miter-util/-/polyline-miter-util-1.0.1.tgz",
      "integrity": "sha1-tpPyOJ6g3tNqa89ezS7OS2kX2Vc=",
      "requires": {
        "gl-vec2": "^1.0.0"
      }
    },
    "polyline-normals": {
      "version": "2.0.2",
      "resolved": "https://registry.npmjs.org/polyline-normals/-/polyline-normals-2.0.2.tgz",
      "integrity": "sha1-oXN+ddjA3MsaWR+csn8J7vS30TU=",
      "requires": {
        "polyline-miter-util": "^1.0.1"
      }
    },
    "probe.gl": {
      "version": "3.3.1",
      "resolved": "https://registry.npmjs.org/probe.gl/-/probe.gl-3.3.1.tgz",
      "integrity": "sha512-RI6gxvEyTEdRMzT1np8HvbBOFNYQ0HwE3kZvK790tg/ldwFy7Qvs7cllz4MDT84QG2IMDUu7EsTXQX3qtzdx3w==",
      "requires": {
        "@babel/runtime": "^7.0.0",
        "@probe.gl/stats": "3.3.1"
      }
    },
    "reflect-metadata": {
      "version": "0.1.13",
      "resolved": "https://registry.npmjs.org/reflect-metadata/-/reflect-metadata-0.1.13.tgz",
      "integrity": "sha512-Ts1Y/anZELhSsjMcU605fU9RE4Oi3p5ORujwbIKXfWa+0Zxs510Qrmrce5/Jowq3cHSZSJqBjypxmHarc+vEWg=="
    },
    "regenerator-runtime": {
      "version": "0.13.7",
      "resolved": "https://registry.npmjs.org/regenerator-runtime/-/regenerator-runtime-0.13.7.tgz",
      "integrity": "sha512-a54FxoJDIr27pgf7IgeQGxmqUNYrcV338lf/6gH456HZ/PhX+5BcwHXG9ajESmwe6WRO0tAzRUrRmNONWgkrew=="
    },
    "regl": {
      "version": "1.7.0",
      "resolved": "https://registry.npmjs.org/regl/-/regl-1.7.0.tgz",
      "integrity": "sha512-bEAtp/qrtKucxXSJkD4ebopFZYP0q1+3Vb2WECWv/T8yQEgKxDxJ7ztO285tAMaYZVR6mM1GgI6CCn8FROtL1w=="
    },
    "simple-swizzle": {
      "version": "0.2.2",
      "resolved": "https://registry.npmjs.org/simple-swizzle/-/simple-swizzle-0.2.2.tgz",
      "integrity": "sha1-pNprY1/8zMoz9w0Xy5JZLeleVXo=",
      "requires": {
        "is-arrayish": "^0.3.1"
      }
    },
    "tinycolor2": {
      "version": "1.4.2",
      "resolved": "https://registry.npmjs.org/tinycolor2/-/tinycolor2-1.4.2.tgz",
      "integrity": "sha512-vJhccZPs965sV/L2sU4oRQVAos0pQXwsvTLkWYdqJ+a8Q5kPFzJTuOFwy7UniPli44NKQGAglksjvOcpo95aZA=="
    },
    "tslib": {
      "version": "2.1.0",
      "resolved": "https://registry.npmjs.org/tslib/-/tslib-2.1.0.tgz",
      "integrity": "sha512-hcVC3wYEziELGGmEEXue7D75zbwIIVUMWAVbHItGPx0ziyXxrOMQx4rQEVEV45Ut/1IotuEvwqPopzIOkDMf0A=="
    }
  }
}
