<?xml version="1.0" encoding="utf-8"?>
<Project ToolsVersion="4.0" xmlns="http://schemas.microsoft.com/developer/msbuild/2003">
  <ItemGroup>
    <Filter Include="Header Files">
      <UniqueIdentifier>{93995380-89BD-4b04-88EB-625FBE52EBFB}</UniqueIdentifier>
      <Extensions>h;hpp;hxx;hm;inl;inc;xsd</Extensions>
    </Filter>
    <Filter Include="Header Files">
      <UniqueIdentifier>{93995380-89BD-4b04-88EB-625FBE52EBFB}</UniqueIdentifier>
      <Extensions>h;hpp;hxx;hm;inl;inc;xsd</Extensions>
    </Filter>
    <Filter Include="Source Files">
      <UniqueIdentifier>{4FC737F1-C7A5-4376-A066-2A32D752A2FF}</UniqueIdentifier>
      <Extensions>cpp;c;cxx;def;odl;idl;hpj;bat;asm;asmx</Extensions>
    </Filter>
    <Filter Include="Source Files">
      <UniqueIdentifier>{4FC737F1-C7A5-4376-A066-2A32D752A2FF}</UniqueIdentifier>
      <Extensions>cpp;c;cxx;def;odl;idl;hpj;bat;asm;asmx</Extensions>
    </Filter>
  </ItemGroup>
  <ItemGroup>
    <ClCompile Include="imgAnalyzer\ImgAnalyzer.cpp">
      <Filter>Source Files</Filter>
    </ClCompile>
    <ClCompile Include="ImgManager.cpp">
      <Filter>Source Files</Filter>
    </ClCompile>
    <ClCompile Include="imgProcessor\ImgProcessor.cpp">
      <Filter>Source Files</Filter>
    </ClCompile>
    <ClCompile Include="..\v3dSource\basic_4dimage.cpp">
      <Filter>Source Files</Filter>
    </ClCompile>
    <ClCompile Include="integratedDataStructures.cpp">
      <Filter>Source Files</Filter>
    </ClCompile>
    <ClCompile Include="..\..\..\..\v3d_external\v3d_main\basic_c_fun\mg_image_lib.cpp">
      <Filter>Source Files</Filter>
    </ClCompile>
    <ClCompile Include="..\v3dSource\mg_utilities.cpp">
      <Filter>Source Files</Filter>
    </ClCompile>
    <ClCompile Include="..\..\..\released_plugins\v3d_plugins\swc2mask_cylinder\my_surf_objs.cpp">
      <Filter>Source Files</Filter>
    </ClCompile>
    <ClCompile Include="processManager.cpp">
      <Filter>Source Files</Filter>
    </ClCompile>
    <ClCompile Include="..\v3dSource\stackutil.cpp">
      <Filter>Source Files</Filter>
    </ClCompile>
    <ClCompile Include="..\..\..\..\v3d_external\v3d_main\basic_c_fun\v3d_message.cpp">
      <Filter>Source Files</Filter>
    </ClCompile>
    <ClCompile Include="..\..\..\..\v3d_external\v3d_main\io\v3d_nrrd.cpp">
      <Filter>Source Files</Filter>
    </ClCompile>
  </ItemGroup>
  <ItemGroup>
    <ClInclude Include="imgAnalyzer\ImgAnalyzer.h">
      <Filter>Header Files</Filter>
    </ClInclude>
    <ClInclude Include="ImgManager.h">
      <Filter>Header Files</Filter>
    </ClInclude>
    <ClInclude Include="imgProcessor\ImgProcessor.h">
      <Filter>Header Files</Filter>
    </ClInclude>
    <ClInclude Include="..\..\..\..\v3d_external\v3d_main\basic_c_fun\basic_4dimage.h">
      <Filter>Header Files</Filter>
    </ClInclude>
    <ClInclude Include="integratedDataStructures.h">
      <Filter>Header Files</Filter>
    </ClInclude>
    <ClInclude Include="..\..\..\released_plugins\v3d_plugins\swc2mask_cylinder\my_surf_objs.h">
      <Filter>Header Files</Filter>
    </ClInclude>
    <ClInclude Include="processManager.h">
      <Filter>Header Files</Filter>
    </ClInclude>
    <ClInclude Include="v3d_imgManagerMK_Define.h">
      <Filter>Header Files</Filter>
    </ClInclude>
    <ClInclude Include="..\..\..\..\v3d_external\v3d_main\basic_c_fun\v3d_message.h">
      <Filter>Header Files</Filter>
    </ClInclude>
  </ItemGroup>
</Project>