<?xml version="1.0" encoding="utf-8"?>
<Project ToolsVersion="4.0" xmlns="http://schemas.microsoft.com/developer/msbuild/2003">
  <ItemGroup>
    <Filter Include="Header Files">
      <UniqueIdentifier>{93995380-89BD-4b04-88EB-625FBE52EBFB}</UniqueIdentifier>
      <Extensions>h;hpp;hxx;hm;inl;inc;xsd</Extensions>
    </Filter>
    <Filter Include="Header Files">
      <UniqueIdentifier>{93995380-89BD-4b04-88EB-625FBE52EBFB}</UniqueIdentifier>
      <Extensions>h;hpp;hxx;hm;inl;inc;xsd</Extensions>
    </Filter>
    <Filter Include="Source Files">
      <UniqueIdentifier>{4FC737F1-C7A5-4376-A066-2A32D752A2FF}</UniqueIdentifier>
      <Extensions>cpp;c;cxx;def;odl;idl;hpj;bat;asm;asmx</Extensions>
    </Filter>
    <Filter Include="Source Files">
      <UniqueIdentifier>{4FC737F1-C7A5-4376-A066-2A32D752A2FF}</UniqueIdentifier>
      <Extensions>cpp;c;cxx;def;odl;idl;hpj;bat;asm;asmx</Extensions>
    </Filter>
  </ItemGroup>
  <ItemGroup>
    <ClCompile Include="NeuronGeoGrapher.cpp">
      <Filter>Source Files</Filter>
    </ClCompile>
    <ClCompile Include="NeuronStructExplorer.cpp">
      <Filter>Source Files</Filter>
    </ClCompile>
    <ClCompile Include="NeuronStructUtilities.cpp">
      <Filter>Source Files</Filter>
    </ClCompile>
    <ClCompile Include="TreeGrower.cpp">
      <Filter>Source Files</Filter>
    </ClCompile>
    <ClCompile Include="..\..\..\..\v3d_external\v3d_main\basic_c_fun\basic_surf_objs.cpp">
      <Filter>Source Files</Filter>
    </ClCompile>
    <ClCompile Include="integratedDataTypes.cpp">
      <Filter>Source Files</Filter>
    </ClCompile>
    <ClCompile Include="..\..\..\..\v3d_external\v3d_main\neuron_editing\neuron_format_converter.cpp">
      <Filter>Source Files</Filter>
    </ClCompile>
    <ClCompile Include="..\..\..\..\v3d_external\v3d_main\basic_c_fun\v3d_message.cpp">
      <Filter>Source Files</Filter>
    </ClCompile>
    <ClCompile Include="..\..\..\..\v3d_external\v3d_main\neuron_editing\v_neuronswc.cpp">
      <Filter>Source Files</Filter>
    </ClCompile>
    <ClCompile Include="TreeTrimmer.cpp">
      <Filter>Source Files</Filter>
    </ClCompile>
    <ClCompile Include="NeuronStructNavigatingTester.cpp">
      <Filter>Source Files</Filter>
    </ClCompile>
  </ItemGroup>
  <ItemGroup>
    <ClInclude Include="NeuronGeoGrapher.h">
      <Filter>Header Files</Filter>
    </ClInclude>
    <ClInclude Include="NeuronStructExplorer.h">
      <Filter>Header Files</Filter>
    </ClInclude>
    <ClInclude Include="NeuronStructNavigator_Define.h">
      <Filter>Header Files</Filter>
    </ClInclude>
    <ClInclude Include="NeuronStructUtilities.h">
      <Filter>Header Files</Filter>
    </ClInclude>
    <ClInclude Include="TreeGrower.h">
      <Filter>Header Files</Filter>
    </ClInclude>
    <ClInclude Include="integratedDataTypes.h">
      <Filter>Header Files</Filter>
    </ClInclude>
    <ClInclude Include="..\..\..\released_plugins\v3d_plugins\swc2mask_cylinder\my_surf_objs.h">
      <Filter>Header Files</Filter>
    </ClInclude>
    <ClInclude Include="..\..\..\..\v3d_external\v3d_main\basic_c_fun\v3d_message.h">
      <Filter>Header Files</Filter>
    </ClInclude>
    <ClInclude Include="..\..\..\..\v3d_external\v3d_main\neuron_editing\v_neuronswc.h">
      <Filter>Header Files</Filter>
    </ClInclude>
    <ClInclude Include="TreeTrimmer.h">
      <Filter>Header Files</Filter>
    </ClInclude>
    <ClInclude Include="NeuronStructNavigatingTester.h">
      <Filter>Header Files</Filter>
    </ClInclude>
  </ItemGroup>
</Project>